// !$*UTF8*$!
{
	archiveVersion = 1;
	classes = {
	};
	objectVersion = 56;
	objects = {

/* Begin PBXBuildFile section */
		58DC39522B7806A3008C85EA /* AppDelegate.swift in Sources */ = {isa = PBXBuildFile; fileRef = 58DC39512B7806A3008C85EA /* AppDelegate.swift */; };
		58DC39542B7806A3008C85EA /* SceneDelegate.swift in Sources */ = {isa = PBXBuildFile; fileRef = 58DC39532B7806A3008C85EA /* SceneDelegate.swift */; };
		58DC39562B7806A3008C85EA /* HomeViewController.swift in Sources */ = {isa = PBXBuildFile; fileRef = 58DC39552B7806A3008C85EA /* HomeViewController.swift */; };
		58DC395B2B7806A4008C85EA /* Assets.xcassets in Resources */ = {isa = PBXBuildFile; fileRef = 58DC395A2B7806A4008C85EA /* Assets.xcassets */; };
		58DC395E2B7806A4008C85EA /* LaunchScreen.storyboard in Resources */ = {isa = PBXBuildFile; fileRef = 58DC395C2B7806A4008C85EA /* LaunchScreen.storyboard */; };
		58DC39702B7808A5008C85EA /* UpcomingViewController.swift in Sources */ = {isa = PBXBuildFile; fileRef = 58DC396F2B7808A5008C85EA /* UpcomingViewController.swift */; };
		58DC39722B7808B7008C85EA /* SearchViewController.swift in Sources */ = {isa = PBXBuildFile; fileRef = 58DC39712B7808B7008C85EA /* SearchViewController.swift */; };
		58DC39742B7808C8008C85EA /* MainTabBarViewController.swift in Sources */ = {isa = PBXBuildFile; fileRef = 58DC39732B7808C8008C85EA /* MainTabBarViewController.swift */; };
		58DC39762B7808DE008C85EA /* DownloadsViewController.swift in Sources */ = {isa = PBXBuildFile; fileRef = 58DC39752B7808DE008C85EA /* DownloadsViewController.swift */; };
/* End PBXBuildFile section */

/* Begin PBXFileReference section */
		58DC394E2B7806A3008C85EA /* MovieSearchCase.app */ = {isa = PBXFileReference; explicitFileType = wrapper.application; includeInIndex = 0; path = MovieSearchCase.app; sourceTree = BUILT_PRODUCTS_DIR; };
		58DC39512B7806A3008C85EA /* AppDelegate.swift */ = {isa = PBXFileReference; lastKnownFileType = sourcecode.swift; path = AppDelegate.swift; sourceTree = "<group>"; };
		58DC39532B7806A3008C85EA /* SceneDelegate.swift */ = {isa = PBXFileReference; lastKnownFileType = sourcecode.swift; path = SceneDelegate.swift; sourceTree = "<group>"; };
		58DC39552B7806A3008C85EA /* HomeViewController.swift */ = {isa = PBXFileReference; lastKnownFileType = sourcecode.swift; path = HomeViewController.swift; sourceTree = "<group>"; };
		58DC395A2B7806A4008C85EA /* Assets.xcassets */ = {isa = PBXFileReference; lastKnownFileType = folder.assetcatalog; path = Assets.xcassets; sourceTree = "<group>"; };
		58DC395D2B7806A4008C85EA /* Base */ = {isa = PBXFileReference; lastKnownFileType = file.storyboard; name = Base; path = Base.lproj/LaunchScreen.storyboard; sourceTree = "<group>"; };
		58DC395F2B7806A4008C85EA /* Info.plist */ = {isa = PBXFileReference; lastKnownFileType = text.plist.xml; path = Info.plist; sourceTree = "<group>"; };
		58DC396F2B7808A5008C85EA /* UpcomingViewController.swift */ = {isa = PBXFileReference; lastKnownFileType = sourcecode.swift; path = UpcomingViewController.swift; sourceTree = "<group>"; };
		58DC39712B7808B7008C85EA /* SearchViewController.swift */ = {isa = PBXFileReference; lastKnownFileType = sourcecode.swift; path = SearchViewController.swift; sourceTree = "<group>"; };
		58DC39732B7808C8008C85EA /* MainTabBarViewController.swift */ = {isa = PBXFileReference; lastKnownFileType = sourcecode.swift; path = MainTabBarViewController.swift; sourceTree = "<group>"; };
		58DC39752B7808DE008C85EA /* DownloadsViewController.swift */ = {isa = PBXFileReference; lastKnownFileType = sourcecode.swift; path = DownloadsViewController.swift; sourceTree = "<group>"; };
/* End PBXFileReference section */

/* Begin PBXFrameworksBuildPhase section */
		58DC394B2B7806A3008C85EA /* Frameworks */ = {
			isa = PBXFrameworksBuildPhase;
			buildActionMask = 2147483647;
			files = (
			);
			runOnlyForDeploymentPostprocessing = 0;
		};
/* End PBXFrameworksBuildPhase section */

/* Begin PBXGroup section */
		58DC39452B7806A3008C85EA = {
			isa = PBXGroup;
			children = (
				58DC39502B7806A3008C85EA /* MovieSearchCase */,
				58DC394F2B7806A3008C85EA /* Products */,
			);
			sourceTree = "<group>";
		};
		58DC394F2B7806A3008C85EA /* Products */ = {
			isa = PBXGroup;
			children = (
				58DC394E2B7806A3008C85EA /* MovieSearchCase.app */,
			);
			name = Products;
			sourceTree = "<group>";
		};
		58DC39502B7806A3008C85EA /* MovieSearchCase */ = {
			isa = PBXGroup;
			children = (
				58DC396A2B7807FA008C85EA /* Controllers */,
				58DC39692B7807EE008C85EA /* ViewModels */,
				58DC39682B7807E7008C85EA /* Views */,
				58DC39672B7807DF008C85EA /* Models */,
				58DC39662B7807D6008C85EA /* Resources */,
				58DC39652B7807BF008C85EA /* Managers */,
				58DC39512B7806A3008C85EA /* AppDelegate.swift */,
				58DC39532B7806A3008C85EA /* SceneDelegate.swift */,
				58DC395A2B7806A4008C85EA /* Assets.xcassets */,
				58DC395C2B7806A4008C85EA /* LaunchScreen.storyboard */,
				58DC395F2B7806A4008C85EA /* Info.plist */,
			);
			path = MovieSearchCase;
			sourceTree = "<group>";
		};
		58DC39652B7807BF008C85EA /* Managers */ = {
			isa = PBXGroup;
			children = (
			);
			path = Managers;
			sourceTree = "<group>";
		};
		58DC39662B7807D6008C85EA /* Resources */ = {
			isa = PBXGroup;
			children = (
			);
			path = Resources;
			sourceTree = "<group>";
		};
		58DC39672B7807DF008C85EA /* Models */ = {
			isa = PBXGroup;
			children = (
			);
			path = Models;
			sourceTree = "<group>";
		};
		58DC39682B7807E7008C85EA /* Views */ = {
			isa = PBXGroup;
			children = (
			);
			path = Views;
			sourceTree = "<group>";
		};
		58DC39692B7807EE008C85EA /* ViewModels */ = {
			isa = PBXGroup;
			children = (
			);
			path = ViewModels;
			sourceTree = "<group>";
		};
		58DC396A2B7807FA008C85EA /* Controllers */ = {
			isa = PBXGroup;
			children = (
				58DC396C2B78084E008C85EA /* Core */,
				58DC396B2B78083D008C85EA /* General */,
			);
			path = Controllers;
			sourceTree = "<group>";
		};
		58DC396B2B78083D008C85EA /* General */ = {
			isa = PBXGroup;
			children = (
			);
			path = General;
			sourceTree = "<group>";
		};
		58DC396C2B78084E008C85EA /* Core */ = {
			isa = PBXGroup;
			children = (
				58DC39552B7806A3008C85EA /* HomeViewController.swift */,
				58DC396F2B7808A5008C85EA /* UpcomingViewController.swift */,
				58DC39712B7808B7008C85EA /* SearchViewController.swift */,
				58DC39732B7808C8008C85EA /* MainTabBarViewController.swift */,
				58DC39752B7808DE008C85EA /* DownloadsViewController.swift */,
			);
			path = Core;
			sourceTree = "<group>";
		};
/* End PBXGroup section */

/* Begin PBXNativeTarget section */
		58DC394D2B7806A3008C85EA /* MovieSearchCase */ = {
			isa = PBXNativeTarget;
			buildConfigurationList = 58DC39622B7806A4008C85EA /* Build configuration list for PBXNativeTarget "MovieSearchCase" */;
			buildPhases = (
				58DC394A2B7806A3008C85EA /* Sources */,
				58DC394B2B7806A3008C85EA /* Frameworks */,
				58DC394C2B7806A3008C85EA /* Resources */,
			);
			buildRules = (
			);
			dependencies = (
			);
			name = MovieSearchCase;
			productName = MovieSearchCase;
			productReference = 58DC394E2B7806A3008C85EA /* MovieSearchCase.app */;
			productType = "com.apple.product-type.application";
		};
/* End PBXNativeTarget section */

/* Begin PBXProject section */
		58DC39462B7806A3008C85EA /* Project object */ = {
			isa = PBXProject;
			attributes = {
				BuildIndependentTargetsInParallel = 1;
				LastSwiftUpdateCheck = 1520;
				LastUpgradeCheck = 1520;
				TargetAttributes = {
					58DC394D2B7806A3008C85EA = {
						CreatedOnToolsVersion = 15.2;
					};
				};
			};
			buildConfigurationList = 58DC39492B7806A3008C85EA /* Build configuration list for PBXProject "MovieSearchCase" */;
			compatibilityVersion = "Xcode 14.0";
			developmentRegion = en;
			hasScannedForEncodings = 0;
			knownRegions = (
				en,
				Base,
			);
			mainGroup = 58DC39452B7806A3008C85EA;
			productRefGroup = 58DC394F2B7806A3008C85EA /* Products */;
			projectDirPath = "";
			projectRoot = "";
			targets = (
				58DC394D2B7806A3008C85EA /* MovieSearchCase */,
			);
		};
/* End PBXProject section */

/* Begin PBXResourcesBuildPhase section */
		58DC394C2B7806A3008C85EA /* Resources */ = {
			isa = PBXResourcesBuildPhase;
			buildActionMask = 2147483647;
			files = (
				58DC395E2B7806A4008C85EA /* LaunchScreen.storyboard in Resources */,
				58DC395B2B7806A4008C85EA /* Assets.xcassets in Resources */,
			);
			runOnlyForDeploymentPostprocessing = 0;
		};
/* End PBXResourcesBuildPhase section */

/* Begin PBXSourcesBuildPhase section */
		58DC394A2B7806A3008C85EA /* Sources */ = {
			isa = PBXSourcesBuildPhase;
			buildActionMask = 2147483647;
			files = (
				58DC39722B7808B7008C85EA /* SearchViewController.swift in Sources */,
				58DC39562B7806A3008C85EA /* HomeViewController.swift in Sources */,
				58DC39762B7808DE008C85EA /* DownloadsViewController.swift in Sources */,
				58DC39522B7806A3008C85EA /* AppDelegate.swift in Sources */,
				58DC39742B7808C8008C85EA /* MainTabBarViewController.swift in Sources */,
				58DC39542B7806A3008C85EA /* SceneDelegate.swift in Sources */,
				58DC39702B7808A5008C85EA /* UpcomingViewController.swift in Sources */,
			);
			runOnlyForDeploymentPostprocessing = 0;
		};
/* End PBXSourcesBuildPhase section */

/* Begin PBXVariantGroup section */
		58DC395C2B7806A4008C85EA /* LaunchScreen.storyboard */ = {
			isa = PBXVariantGroup;
			children = (
				58DC395D2B7806A4008C85EA /* Base */,
			);
			name = LaunchScreen.storyboard;
			sourceTree = "<group>";
		};
/* End PBXVariantGroup section */

/* Begin XCBuildConfiguration section */
		58DC39602B7806A4008C85EA /* Debug */ = {
			isa = XCBuildConfiguration;
			buildSettings = {
				ALWAYS_SEARCH_USER_PATHS = NO;
				ASSETCATALOG_COMPILER_GENERATE_SWIFT_ASSET_SYMBOL_EXTENSIONS = YES;
				CLANG_ANALYZER_NONNULL = YES;
				CLANG_ANALYZER_NUMBER_OBJECT_CONVERSION = YES_AGGRESSIVE;
				CLANG_CXX_LANGUAGE_STANDARD = "gnu++20";
				CLANG_ENABLE_MODULES = YES;
				CLANG_ENABLE_OBJC_ARC = YES;
				CLANG_ENABLE_OBJC_WEAK = YES;
				CLANG_WARN_BLOCK_CAPTURE_AUTORELEASING = YES;
				CLANG_WARN_BOOL_CONVERSION = YES;
				CLANG_WARN_COMMA = YES;
				CLANG_WARN_CONSTANT_CONVERSION = YES;
				CLANG_WARN_DEPRECATED_OBJC_IMPLEMENTATIONS = YES;
				CLANG_WARN_DIRECT_OBJC_ISA_USAGE = YES_ERROR;
				CLANG_WARN_DOCUMENTATION_COMMENTS = YES;
				CLANG_WARN_EMPTY_BODY = YES;
				CLANG_WARN_ENUM_CONVERSION = YES;
				CLANG_WARN_INFINITE_RECURSION = YES;
				CLANG_WARN_INT_CONVERSION = YES;
				CLANG_WARN_NON_LITERAL_NULL_CONVERSION = YES;
				CLANG_WARN_OBJC_IMPLICIT_RETAIN_SELF = YES;
				CLANG_WARN_OBJC_LITERAL_CONVERSION = YES;
				CLANG_WARN_OBJC_ROOT_CLASS = YES_ERROR;
				CLANG_WARN_QUOTED_INCLUDE_IN_FRAMEWORK_HEADER = YES;
				CLANG_WARN_RANGE_LOOP_ANALYSIS = YES;
				CLANG_WARN_STRICT_PROTOTYPES = YES;
				CLANG_WARN_SUSPICIOUS_MOVE = YES;
				CLANG_WARN_UNGUARDED_AVAILABILITY = YES_AGGRESSIVE;
				CLANG_WARN_UNREACHABLE_CODE = YES;
				CLANG_WARN__DUPLICATE_METHOD_MATCH = YES;
				COPY_PHASE_STRIP = NO;
				DEBUG_INFORMATION_FORMAT = dwarf;
				ENABLE_STRICT_OBJC_MSGSEND = YES;
				ENABLE_TESTABILITY = YES;
				ENABLE_USER_SCRIPT_SANDBOXING = YES;
				GCC_C_LANGUAGE_STANDARD = gnu17;
				GCC_DYNAMIC_NO_PIC = NO;
				GCC_NO_COMMON_BLOCKS = YES;
				GCC_OPTIMIZATION_LEVEL = 0;
				GCC_PREPROCESSOR_DEFINITIONS = (
					"DEBUG=1",
					"$(inherited)",
				);
				GCC_WARN_64_TO_32_BIT_CONVERSION = YES;
				GCC_WARN_ABOUT_RETURN_TYPE = YES_ERROR;
				GCC_WARN_UNDECLARED_SELECTOR = YES;
				GCC_WARN_UNINITIALIZED_AUTOS = YES_AGGRESSIVE;
				GCC_WARN_UNUSED_FUNCTION = YES;
				GCC_WARN_UNUSED_VARIABLE = YES;
				IPHONEOS_DEPLOYMENT_TARGET = 17.2;
				LOCALIZATION_PREFERS_STRING_CATALOGS = YES;
				MTL_ENABLE_DEBUG_INFO = INCLUDE_SOURCE;
				MTL_FAST_MATH = YES;
				ONLY_ACTIVE_ARCH = YES;
				SDKROOT = iphoneos;
				SWIFT_ACTIVE_COMPILATION_CONDITIONS = "DEBUG $(inherited)";
				SWIFT_OPTIMIZATION_LEVEL = "-Onone";
			};
			name = Debug;
		};
		58DC39612B7806A4008C85EA /* Release */ = {
			isa = XCBuildConfiguration;
			buildSettings = {
				ALWAYS_SEARCH_USER_PATHS = NO;
				ASSETCATALOG_COMPILER_GENERATE_SWIFT_ASSET_SYMBOL_EXTENSIONS = YES;
				CLANG_ANALYZER_NONNULL = YES;
				CLANG_ANALYZER_NUMBER_OBJECT_CONVERSION = YES_AGGRESSIVE;
				CLANG_CXX_LANGUAGE_STANDARD = "gnu++20";
				CLANG_ENABLE_MODULES = YES;
				CLANG_ENABLE_OBJC_ARC = YES;
				CLANG_ENABLE_OBJC_WEAK = YES;
				CLANG_WARN_BLOCK_CAPTURE_AUTORELEASING = YES;
				CLANG_WARN_BOOL_CONVERSION = YES;
				CLANG_WARN_COMMA = YES;
				CLANG_WARN_CONSTANT_CONVERSION = YES;
				CLANG_WARN_DEPRECATED_OBJC_IMPLEMENTATIONS = YES;
				CLANG_WARN_DIRECT_OBJC_ISA_USAGE = YES_ERROR;
				CLANG_WARN_DOCUMENTATION_COMMENTS = YES;
				CLANG_WARN_EMPTY_BODY = YES;
				CLANG_WARN_ENUM_CONVERSION = YES;
				CLANG_WARN_INFINITE_RECURSION = YES;
				CLANG_WARN_INT_CONVERSION = YES;
				CLANG_WARN_NON_LITERAL_NULL_CONVERSION = YES;
				CLANG_WARN_OBJC_IMPLICIT_RETAIN_SELF = YES;
				CLANG_WARN_OBJC_LITERAL_CONVERSION = YES;
				CLANG_WARN_OBJC_ROOT_CLASS = YES_ERROR;
				CLANG_WARN_QUOTED_INCLUDE_IN_FRAMEWORK_HEADER = YES;
				CLANG_WARN_RANGE_LOOP_ANALYSIS = YES;
				CLANG_WARN_STRICT_PROTOTYPES = YES;
				CLANG_WARN_SUSPICIOUS_MOVE = YES;
				CLANG_WARN_UNGUARDED_AVAILABILITY = YES_AGGRESSIVE;
				CLANG_WARN_UNREACHABLE_CODE = YES;
				CLANG_WARN__DUPLICATE_METHOD_MATCH = YES;
				COPY_PHASE_STRIP = NO;
				DEBUG_INFORMATION_FORMAT = "dwarf-with-dsym";
				ENABLE_NS_ASSERTIONS = NO;
				ENABLE_STRICT_OBJC_MSGSEND = YES;
				ENABLE_USER_SCRIPT_SANDBOXING = YES;
				GCC_C_LANGUAGE_STANDARD = gnu17;
				GCC_NO_COMMON_BLOCKS = YES;
				GCC_WARN_64_TO_32_BIT_CONVERSION = YES;
				GCC_WARN_ABOUT_RETURN_TYPE = YES_ERROR;
				GCC_WARN_UNDECLARED_SELECTOR = YES;
				GCC_WARN_UNINITIALIZED_AUTOS = YES_AGGRESSIVE;
				GCC_WARN_UNUSED_FUNCTION = YES;
				GCC_WARN_UNUSED_VARIABLE = YES;
				IPHONEOS_DEPLOYMENT_TARGET = 17.2;
				LOCALIZATION_PREFERS_STRING_CATALOGS = YES;
				MTL_ENABLE_DEBUG_INFO = NO;
				MTL_FAST_MATH = YES;
				SDKROOT = iphoneos;
				SWIFT_COMPILATION_MODE = wholemodule;
				VALIDATE_PRODUCT = YES;
			};
			name = Release;
		};
		58DC39632B7806A4008C85EA /* Debug */ = {
			isa = XCBuildConfiguration;
			buildSettings = {
				ASSETCATALOG_COMPILER_APPICON_NAME = AppIcon;
				ASSETCATALOG_COMPILER_GLOBAL_ACCENT_COLOR_NAME = AccentColor;
				CODE_SIGN_STYLE = Automatic;
				CURRENT_PROJECT_VERSION = 1;
				DEVELOPMENT_TEAM = G88KQ9R384;
				GENERATE_INFOPLIST_FILE = YES;
				INFOPLIST_FILE = MovieSearchCase/Info.plist;
				INFOPLIST_KEY_UIApplicationSupportsIndirectInputEvents = YES;
				INFOPLIST_KEY_UILaunchStoryboardName = LaunchScreen;
				INFOPLIST_KEY_UIMainStoryboardFile = "";
				INFOPLIST_KEY_UISupportedInterfaceOrientations_iPad = "UIInterfaceOrientationPortrait UIInterfaceOrientationPortraitUpsideDown UIInterfaceOrientationLandscapeLeft UIInterfaceOrientationLandscapeRight";
				INFOPLIST_KEY_UISupportedInterfaceOrientations_iPhone = "UIInterfaceOrientationPortrait UIInterfaceOrientationLandscapeLeft UIInterfaceOrientationLandscapeRight";
				LD_RUNPATH_SEARCH_PATHS = (
					"$(inherited)",
					"@executable_path/Frameworks",
				);
				MARKETING_VERSION = 1.0;
				PRODUCT_BUNDLE_IDENTIFIER = com.ertugrulberber.MovieSearchCase;
				PRODUCT_NAME = "$(TARGET_NAME)";
				SWIFT_EMIT_LOC_STRINGS = YES;
				SWIFT_VERSION = 5.0;
				TARGETED_DEVICE_FAMILY = "1,2";
			};
			name = Debug;
		};
		58DC39642B7806A4008C85EA /* Release */ = {
			isa = XCBuildConfiguration;
			buildSettings = {
				ASSETCATALOG_COMPILER_APPICON_NAME = AppIcon;
				ASSETCATALOG_COMPILER_GLOBAL_ACCENT_COLOR_NAME = AccentColor;
				CODE_SIGN_STYLE = Automatic;
				CURRENT_PROJECT_VERSION = 1;
				DEVELOPMENT_TEAM = G88KQ9R384;
				GENERATE_INFOPLIST_FILE = YES;
				INFOPLIST_FILE = MovieSearchCase/Info.plist;
				INFOPLIST_KEY_UIApplicationSupportsIndirectInputEvents = YES;
				INFOPLIST_KEY_UILaunchStoryboardName = LaunchScreen;
				INFOPLIST_KEY_UIMainStoryboardFile = "";
				INFOPLIST_KEY_UISupportedInterfaceOrientations_iPad = "UIInterfaceOrientationPortrait UIInterfaceOrientationPortraitUpsideDown UIInterfaceOrientationLandscapeLeft UIInterfaceOrientationLandscapeRight";
				INFOPLIST_KEY_UISupportedInterfaceOrientations_iPhone = "UIInterfaceOrientationPortrait UIInterfaceOrientationLandscapeLeft UIInterfaceOrientationLandscapeRight";
				LD_RUNPATH_SEARCH_PATHS = (
					"$(inherited)",
					"@executable_path/Frameworks",
				);
				MARKETING_VERSION = 1.0;
				PRODUCT_BUNDLE_IDENTIFIER = com.ertugrulberber.MovieSearchCase;
				PRODUCT_NAME = "$(TARGET_NAME)";
				SWIFT_EMIT_LOC_STRINGS = YES;
				SWIFT_VERSION = 5.0;
				TARGETED_DEVICE_FAMILY = "1,2";
			};
			name = Release;
		};
/* End XCBuildConfiguration section */

/* Begin XCConfigurationList section */
		58DC39492B7806A3008C85EA /* Build configuration list for PBXProject "MovieSearchCase" */ = {
			isa = XCConfigurationList;
			buildConfigurations = (
				58DC39602B7806A4008C85EA /* Debug */,
				58DC39612B7806A4008C85EA /* Release */,
			);
			defaultConfigurationIsVisible = 0;
			defaultConfigurationName = Release;
		};
		58DC39622B7806A4008C85EA /* Build configuration list for PBXNativeTarget "MovieSearchCase" */ = {
			isa = XCConfigurationList;
			buildConfigurations = (
				58DC39632B7806A4008C85EA /* Debug */,
				58DC39642B7806A4008C85EA /* Release */,
			);
			defaultConfigurationIsVisible = 0;
			defaultConfigurationName = Release;
		};
/* End XCConfigurationList section */
	};
	rootObject = 58DC39462B7806A3008C85EA /* Project object */;
}
